
Microsoft Visual Studio Solution File, Format Version 12.00
# Visual Studio Version 17
VisualStudioVersion = 17.1.32421.90
MinimumVisualStudioVersion = 10.0.40219.1
Project("{FAE04EC0-301F-11D3-BF4B-00C04F79EFBC}") = "FileUtility", "FileUtility.csproj", "{DA783988-DF4E-43D8-ADC6-11F6F893D0D2}"
EndProject
Global
	GlobalSection(SolutionConfigurationPlatforms) = preSolution
		Debug|Any CPU = Debug|Any CPU
		Release|Any CPU = Release|Any CPU
	EndGlobalSection
	GlobalSection(ProjectConfigurationPlatforms) = postSolution
		{DA783988-DF4E-43D8-ADC6-11F6F893D0D2}.Debug|Any CPU.ActiveCfg = Debug|Any CPU
		{DA783988-DF4E-43D8-ADC6-11F6F893D0D2}.Debug|Any CPU.Build.0 = Debug|Any CPU
		{DA783988-DF4E-43D8-ADC6-11F6F893D0D2}.Release|Any CPU.ActiveCfg = Release|Any CPU
		{DA783988-DF4E-43D8-ADC6-11F6F893D0D2}.Release|Any CPU.Build.0 = Release|Any CPU
	EndGlobalSection
	GlobalSection(SolutionProperties) = preSolution
		HideSolutionNode = FALSE
	EndGlobalSection
	GlobalSection(ExtensibilityGlobals) = postSolution
		SolutionGuid = {B776BC85-EE3B-4797-89D3-87DDAE8913A1}
	EndGlobalSection
EndGlobal
