
Microsoft Visual Studio Solution File, Format Version 12.00
# Visual Studio Version 17
VisualStudioVersion = 17.1.32421.90
MinimumVisualStudioVersion = 10.0.40219.1
Project("{FAE04EC0-301F-11D3-BF4B-00C04F79EFBC}") = "FilesTransferServer", "FilesTransferServer.csproj", "{B7A6FE57-551A-4FED-97E7-BEDA8264898E}"
EndProject
Global
	GlobalSection(SolutionConfigurationPlatforms) = preSolution
		Debug|Any CPU = Debug|Any CPU
		Release|Any CPU = Release|Any CPU
	EndGlobalSection
	GlobalSection(ProjectConfigurationPlatforms) = postSolution
		{B7A6FE57-551A-4FED-97E7-BEDA8264898E}.Debug|Any CPU.ActiveCfg = Debug|Any CPU
		{B7A6FE57-551A-4FED-97E7-BEDA8264898E}.Debug|Any CPU.Build.0 = Debug|Any CPU
		{B7A6FE57-551A-4FED-97E7-BEDA8264898E}.Release|Any CPU.ActiveCfg = Release|Any CPU
		{B7A6FE57-551A-4FED-97E7-BEDA8264898E}.Release|Any CPU.Build.0 = Release|Any CPU
	EndGlobalSection
	GlobalSection(SolutionProperties) = preSolution
		HideSolutionNode = FALSE
	EndGlobalSection
	GlobalSection(ExtensibilityGlobals) = postSolution
		SolutionGuid = {A92D30C6-9F67-492C-87A1-F7F30F4F4976}
	EndGlobalSection
EndGlobal
